
Microsoft Visual Studio Solution File, Format Version 12.00
# Visual Studio Version 16
VisualStudioVersion = 16.0.28729.10
MinimumVisualStudioVersion = 10.0.40219.1
Project("{FAE04EC0-301F-11D3-BF4B-00C04F79EFBC}") = "MoviesAPI", "MoviesAPI\MoviesAPI.csproj", "{699C8E70-5B00-44CA-AE2B-C25EA68D2DF6}"
EndProject
Global
	GlobalSection(SolutionConfigurationPlatforms) = preSolution
		Debug|Any CPU = Debug|Any CPU
		Release|Any CPU = Release|Any CPU
	EndGlobalSection
	GlobalSection(ProjectConfigurationPlatforms) = postSolution
		{699C8E70-5B00-44CA-AE2B-C25EA68D2DF6}.Debug|Any CPU.ActiveCfg = Debug|Any CPU
		{699C8E70-5B00-44CA-AE2B-C25EA68D2DF6}.Debug|Any CPU.Build.0 = Debug|Any CPU
		{699C8E70-5B00-44CA-AE2B-C25EA68D2DF6}.Release|Any CPU.ActiveCfg = Release|Any CPU
		{699C8E70-5B00-44CA-AE2B-C25EA68D2DF6}.Release|Any CPU.Build.0 = Release|Any CPU
	EndGlobalSection
	GlobalSection(SolutionProperties) = preSolution
		HideSolutionNode = FALSE
	EndGlobalSection
	GlobalSection(ExtensibilityGlobals) = postSolution
		SolutionGuid = {D9235313-C2B6-4F94-9EA4-50FD3193AC48}
	EndGlobalSection
EndGlobal
